
Microsoft Visual Studio Solution File, Format Version 12.00
# Visual Studio Version 17
VisualStudioVersion = 17.9.34701.34
MinimumVisualStudioVersion = 10.0.40219.1
Project("{FAE04EC0-301F-11D3-BF4B-00C04F79EFBC}") = "AsparagusApp", "AsparagusApp\AsparagusApp.csproj", "{3B5F2A22-C5ED-4412-B8A0-9B8F18F85873}"
EndProject
Global
	GlobalSection(SolutionConfigurationPlatforms) = preSolution
		Debug|Any CPU = Debug|Any CPU
		Release|Any CPU = Release|Any CPU
	EndGlobalSection
	GlobalSection(ProjectConfigurationPlatforms) = postSolution
		{3B5F2A22-C5ED-4412-B8A0-9B8F18F85873}.Debug|Any CPU.ActiveCfg = Debug|Any CPU
		{3B5F2A22-C5ED-4412-B8A0-9B8F18F85873}.Debug|Any CPU.Build.0 = Debug|Any CPU
		{3B5F2A22-C5ED-4412-B8A0-9B8F18F85873}.Release|Any CPU.ActiveCfg = Release|Any CPU
		{3B5F2A22-C5ED-4412-B8A0-9B8F18F85873}.Release|Any CPU.Build.0 = Release|Any CPU
	EndGlobalSection
	GlobalSection(SolutionProperties) = preSolution
		HideSolutionNode = FALSE
	EndGlobalSection
	GlobalSection(ExtensibilityGlobals) = postSolution
		SolutionGuid = {8BDAE214-73A8-4780-804B-21CDBDF6BB02}
	EndGlobalSection
EndGlobal
